
Microsoft Visual Studio Solution File, Format Version 12.00
# Visual Studio Version 16
VisualStudioVersion = 16.0.30523.141
MinimumVisualStudioVersion = 10.0.40219.1
Project("{FAE04EC0-301F-11D3-BF4B-00C04F79EFBC}") = "WebAspProject", "WebAspProject\WebAspProject.csproj", "{1ED0CCB1-367D-4529-BBF8-9F920C996153}"
EndProject
Global
	GlobalSection(SolutionConfigurationPlatforms) = preSolution
		Debug|Any CPU = Debug|Any CPU
		Release|Any CPU = Release|Any CPU
	EndGlobalSection
	GlobalSection(ProjectConfigurationPlatforms) = postSolution
		{1ED0CCB1-367D-4529-BBF8-9F920C996153}.Debug|Any CPU.ActiveCfg = Debug|Any CPU
		{1ED0CCB1-367D-4529-BBF8-9F920C996153}.Debug|Any CPU.Build.0 = Debug|Any CPU
		{1ED0CCB1-367D-4529-BBF8-9F920C996153}.Release|Any CPU.ActiveCfg = Release|Any CPU
		{1ED0CCB1-367D-4529-BBF8-9F920C996153}.Release|Any CPU.Build.0 = Release|Any CPU
	EndGlobalSection
	GlobalSection(SolutionProperties) = preSolution
		HideSolutionNode = FALSE
	EndGlobalSection
	GlobalSection(ExtensibilityGlobals) = postSolution
		SolutionGuid = {EF655A73-506F-4DE0-88DB-E90C346D854C}
	EndGlobalSection
EndGlobal
